// !$*UTF8*$!
{
	archiveVersion = 1;
	classes = {
	};
	objectVersion = 55;
	objects = {

/* Begin PBXBuildFile section */
		155530E928F85403006E5047 /* AppDelegate.swift in Sources */ = {isa = PBXBuildFile; fileRef = 155530E828F85403006E5047 /* AppDelegate.swift */; };
		155530EB28F85403006E5047 /* SceneDelegate.swift in Sources */ = {isa = PBXBuildFile; fileRef = 155530EA28F85403006E5047 /* SceneDelegate.swift */; };
		155530ED28F85403006E5047 /* SignInViewController.swift in Sources */ = {isa = PBXBuildFile; fileRef = 155530EC28F85403006E5047 /* SignInViewController.swift */; };
		155530F028F85403006E5047 /* Main.storyboard in Resources */ = {isa = PBXBuildFile; fileRef = 155530EE28F85403006E5047 /* Main.storyboard */; };
		155530F228F85403006E5047 /* Assets.xcassets in Resources */ = {isa = PBXBuildFile; fileRef = 155530F128F85403006E5047 /* Assets.xcassets */; };
		155530F528F85403006E5047 /* LaunchScreen.storyboard in Resources */ = {isa = PBXBuildFile; fileRef = 155530F328F85403006E5047 /* LaunchScreen.storyboard */; };
		155530FD28F85BE2006E5047 /* HomeViewController.swift in Sources */ = {isa = PBXBuildFile; fileRef = 155530FC28F85BE2006E5047 /* HomeViewController.swift */; };
		155530FF28F99CAB006E5047 /* MainTabBarController.swift in Sources */ = {isa = PBXBuildFile; fileRef = 155530FE28F99CAB006E5047 /* MainTabBarController.swift */; };
		1555310328F9AE04006E5047 /* NewViewController.swift in Sources */ = {isa = PBXBuildFile; fileRef = 1555310228F9AE04006E5047 /* NewViewController.swift */; };
		1555310528F9AE17006E5047 /* CatsViewController.swift in Sources */ = {isa = PBXBuildFile; fileRef = 1555310428F9AE17006E5047 /* CatsViewController.swift */; };
		1555310728F9CE77006E5047 /* ExitViewController.swift in Sources */ = {isa = PBXBuildFile; fileRef = 1555310628F9CE77006E5047 /* ExitViewController.swift */; };
/* End PBXBuildFile section */

/* Begin PBXFileReference section */
		155530E528F85403006E5047 /* classwork5.app */ = {isa = PBXFileReference; explicitFileType = wrapper.application; includeInIndex = 0; path = classwork5.app; sourceTree = BUILT_PRODUCTS_DIR; };
		155530E828F85403006E5047 /* AppDelegate.swift */ = {isa = PBXFileReference; lastKnownFileType = sourcecode.swift; path = AppDelegate.swift; sourceTree = "<group>"; };
		155530EA28F85403006E5047 /* SceneDelegate.swift */ = {isa = PBXFileReference; lastKnownFileType = sourcecode.swift; path = SceneDelegate.swift; sourceTree = "<group>"; };
		155530EC28F85403006E5047 /* SignInViewController.swift */ = {isa = PBXFileReference; lastKnownFileType = sourcecode.swift; path = SignInViewController.swift; sourceTree = "<group>"; };
		155530EF28F85403006E5047 /* Base */ = {isa = PBXFileReference; lastKnownFileType = file.storyboard; name = Base; path = Base.lproj/Main.storyboard; sourceTree = "<group>"; };
		155530F128F85403006E5047 /* Assets.xcassets */ = {isa = PBXFileReference; lastKnownFileType = folder.assetcatalog; path = Assets.xcassets; sourceTree = "<group>"; };
		155530F428F85403006E5047 /* Base */ = {isa = PBXFileReference; lastKnownFileType = file.storyboard; name = Base; path = Base.lproj/LaunchScreen.storyboard; sourceTree = "<group>"; };
		155530F628F85403006E5047 /* Info.plist */ = {isa = PBXFileReference; lastKnownFileType = text.plist.xml; path = Info.plist; sourceTree = "<group>"; };
		155530FC28F85BE2006E5047 /* HomeViewController.swift */ = {isa = PBXFileReference; lastKnownFileType = sourcecode.swift; path = HomeViewController.swift; sourceTree = "<group>"; };
		155530FE28F99CAB006E5047 /* MainTabBarController.swift */ = {isa = PBXFileReference; lastKnownFileType = sourcecode.swift; path = MainTabBarController.swift; sourceTree = "<group>"; };
		1555310228F9AE04006E5047 /* NewViewController.swift */ = {isa = PBXFileReference; lastKnownFileType = sourcecode.swift; path = NewViewController.swift; sourceTree = "<group>"; };
		1555310428F9AE17006E5047 /* CatsViewController.swift */ = {isa = PBXFileReference; lastKnownFileType = sourcecode.swift; path = CatsViewController.swift; sourceTree = "<group>"; };
		1555310628F9CE77006E5047 /* ExitViewController.swift */ = {isa = PBXFileReference; lastKnownFileType = sourcecode.swift; path = ExitViewController.swift; sourceTree = "<group>"; };
/* End PBXFileReference section */

/* Begin PBXFrameworksBuildPhase section */
		155530E228F85403006E5047 /* Frameworks */ = {
			isa = PBXFrameworksBuildPhase;
			buildActionMask = 2147483647;
			files = (
			);
			runOnlyForDeploymentPostprocessing = 0;
		};
/* End PBXFrameworksBuildPhase section */

/* Begin PBXGroup section */
		155530DC28F85403006E5047 = {
			isa = PBXGroup;
			children = (
				155530E728F85403006E5047 /* classwork5 */,
				155530E628F85403006E5047 /* Products */,
			);
			sourceTree = "<group>";
		};
		155530E628F85403006E5047 /* Products */ = {
			isa = PBXGroup;
			children = (
				155530E528F85403006E5047 /* classwork5.app */,
			);
			name = Products;
			sourceTree = "<group>";
		};
		155530E728F85403006E5047 /* classwork5 */ = {
			isa = PBXGroup;
			children = (
				155530E828F85403006E5047 /* AppDelegate.swift */,
				155530EA28F85403006E5047 /* SceneDelegate.swift */,
				155530EC28F85403006E5047 /* SignInViewController.swift */,
				155530EE28F85403006E5047 /* Main.storyboard */,
				155530F128F85403006E5047 /* Assets.xcassets */,
				155530F328F85403006E5047 /* LaunchScreen.storyboard */,
				155530F628F85403006E5047 /* Info.plist */,
				155530FC28F85BE2006E5047 /* HomeViewController.swift */,
				155530FE28F99CAB006E5047 /* MainTabBarController.swift */,
				1555310228F9AE04006E5047 /* NewViewController.swift */,
				1555310428F9AE17006E5047 /* CatsViewController.swift */,
				1555310628F9CE77006E5047 /* ExitViewController.swift */,
			);
			path = classwork5;
			sourceTree = "<group>";
		};
/* End PBXGroup section */

/* Begin PBXNativeTarget section */
		155530E428F85403006E5047 /* classwork5 */ = {
			isa = PBXNativeTarget;
			buildConfigurationList = 155530F928F85403006E5047 /* Build configuration list for PBXNativeTarget "classwork5" */;
			buildPhases = (
				155530E128F85403006E5047 /* Sources */,
				155530E228F85403006E5047 /* Frameworks */,
				155530E328F85403006E5047 /* Resources */,
			);
			buildRules = (
			);
			dependencies = (
			);
			name = classwork5;
			productName = classwork5;
			productReference = 155530E528F85403006E5047 /* classwork5.app */;
			productType = "com.apple.product-type.application";
		};
/* End PBXNativeTarget section */

/* Begin PBXProject section */
		155530DD28F85403006E5047 /* Project object */ = {
			isa = PBXProject;
			attributes = {
				BuildIndependentTargetsInParallel = 1;
				LastSwiftUpdateCheck = 1340;
				LastUpgradeCheck = 1340;
				TargetAttributes = {
					155530E428F85403006E5047 = {
						CreatedOnToolsVersion = 13.4.1;
					};
				};
			};
			buildConfigurationList = 155530E028F85403006E5047 /* Build configuration list for PBXProject "classwork5" */;
			compatibilityVersion = "Xcode 13.0";
			developmentRegion = en;
			hasScannedForEncodings = 0;
			knownRegions = (
				en,
				Base,
			);
			mainGroup = 155530DC28F85403006E5047;
			productRefGroup = 155530E628F85403006E5047 /* Products */;
			projectDirPath = "";
			projectRoot = "";
			targets = (
				155530E428F85403006E5047 /* classwork5 */,
			);
		};
/* End PBXProject section */

/* Begin PBXResourcesBuildPhase section */
		155530E328F85403006E5047 /* Resources */ = {
			isa = PBXResourcesBuildPhase;
			buildActionMask = 2147483647;
			files = (
				155530F528F85403006E5047 /* LaunchScreen.storyboard in Resources */,
				155530F228F85403006E5047 /* Assets.xcassets in Resources */,
				155530F028F85403006E5047 /* Main.storyboard in Resources */,
			);
			runOnlyForDeploymentPostprocessing = 0;
		};
/* End PBXResourcesBuildPhase section */

/* Begin PBXSourcesBuildPhase section */
		155530E128F85403006E5047 /* Sources */ = {
			isa = PBXSourcesBuildPhase;
			buildActionMask = 2147483647;
			files = (
				155530FD28F85BE2006E5047 /* HomeViewController.swift in Sources */,
				155530ED28F85403006E5047 /* SignInViewController.swift in Sources */,
				1555310328F9AE04006E5047 /* NewViewController.swift in Sources */,
				155530FF28F99CAB006E5047 /* MainTabBarController.swift in Sources */,
				1555310728F9CE77006E5047 /* ExitViewController.swift in Sources */,
				155530E928F85403006E5047 /* AppDelegate.swift in Sources */,
				1555310528F9AE17006E5047 /* CatsViewController.swift in Sources */,
				155530EB28F85403006E5047 /* SceneDelegate.swift in Sources */,
			);
			runOnlyForDeploymentPostprocessing = 0;
		};
/* End PBXSourcesBuildPhase section */

/* Begin PBXVariantGroup section */
		155530EE28F85403006E5047 /* Main.storyboard */ = {
			isa = PBXVariantGroup;
			children = (
				155530EF28F85403006E5047 /* Base */,
			);
			name = Main.storyboard;
			sourceTree = "<group>";
		};
		155530F328F85403006E5047 /* LaunchScreen.storyboard */ = {
			isa = PBXVariantGroup;
			children = (
				155530F428F85403006E5047 /* Base */,
			);
			name = LaunchScreen.storyboard;
			sourceTree = "<group>";
		};
/* End PBXVariantGroup section */

/* Begin XCBuildConfiguration section */
		155530F728F85403006E5047 /* Debug */ = {
			isa = XCBuildConfiguration;
			buildSettings = {
				ALWAYS_SEARCH_USER_PATHS = NO;
				CLANG_ANALYZER_NONNULL = YES;
				CLANG_ANALYZER_NUMBER_OBJECT_CONVERSION = YES_AGGRESSIVE;
				CLANG_CXX_LANGUAGE_STANDARD = "gnu++17";
				CLANG_ENABLE_MODULES = YES;
				CLANG_ENABLE_OBJC_ARC = YES;
				CLANG_ENABLE_OBJC_WEAK = YES;
				CLANG_WARN_BLOCK_CAPTURE_AUTORELEASING = YES;
				CLANG_WARN_BOOL_CONVERSION = YES;
				CLANG_WARN_COMMA = YES;
				CLANG_WARN_CONSTANT_CONVERSION = YES;
				CLANG_WARN_DEPRECATED_OBJC_IMPLEMENTATIONS = YES;
				CLANG_WARN_DIRECT_OBJC_ISA_USAGE = YES_ERROR;
				CLANG_WARN_DOCUMENTATION_COMMENTS = YES;
				CLANG_WARN_EMPTY_BODY = YES;
				CLANG_WARN_ENUM_CONVERSION = YES;
				CLANG_WARN_INFINITE_RECURSION = YES;
				CLANG_WARN_INT_CONVERSION = YES;
				CLANG_WARN_NON_LITERAL_NULL_CONVERSION = YES;
				CLANG_WARN_OBJC_IMPLICIT_RETAIN_SELF = YES;
				CLANG_WARN_OBJC_LITERAL_CONVERSION = YES;
				CLANG_WARN_OBJC_ROOT_CLASS = YES_ERROR;
				CLANG_WARN_QUOTED_INCLUDE_IN_FRAMEWORK_HEADER = YES;
				CLANG_WARN_RANGE_LOOP_ANALYSIS = YES;
				CLANG_WARN_STRICT_PROTOTYPES = YES;
				CLANG_WARN_SUSPICIOUS_MOVE = YES;
				CLANG_WARN_UNGUARDED_AVAILABILITY = YES_AGGRESSIVE;
				CLANG_WARN_UNREACHABLE_CODE = YES;
				CLANG_WARN__DUPLICATE_METHOD_MATCH = YES;
				COPY_PHASE_STRIP = NO;
				DEBUG_INFORMATION_FORMAT = dwarf;
				ENABLE_STRICT_OBJC_MSGSEND = YES;
				ENABLE_TESTABILITY = YES;
				GCC_C_LANGUAGE_STANDARD = gnu11;
				GCC_DYNAMIC_NO_PIC = NO;
				GCC_NO_COMMON_BLOCKS = YES;
				GCC_OPTIMIZATION_LEVEL = 0;
				GCC_PREPROCESSOR_DEFINITIONS = (
					"DEBUG=1",
					"$(inherited)",
				);
				GCC_WARN_64_TO_32_BIT_CONVERSION = YES;
				GCC_WARN_ABOUT_RETURN_TYPE = YES_ERROR;
				GCC_WARN_UNDECLARED_SELECTOR = YES;
				GCC_WARN_UNINITIALIZED_AUTOS = YES_AGGRESSIVE;
				GCC_WARN_UNUSED_FUNCTION = YES;
				GCC_WARN_UNUSED_VARIABLE = YES;
				IPHONEOS_DEPLOYMENT_TARGET = 15.5;
				MTL_ENABLE_DEBUG_INFO = INCLUDE_SOURCE;
				MTL_FAST_MATH = YES;
				ONLY_ACTIVE_ARCH = YES;
				SDKROOT = iphoneos;
				SWIFT_ACTIVE_COMPILATION_CONDITIONS = DEBUG;
				SWIFT_OPTIMIZATION_LEVEL = "-Onone";
			};
			name = Debug;
		};
		155530F828F85403006E5047 /* Release */ = {
			isa = XCBuildConfiguration;
			buildSettings = {
				ALWAYS_SEARCH_USER_PATHS = NO;
				CLANG_ANALYZER_NONNULL = YES;
				CLANG_ANALYZER_NUMBER_OBJECT_CONVERSION = YES_AGGRESSIVE;
				CLANG_CXX_LANGUAGE_STANDARD = "gnu++17";
				CLANG_ENABLE_MODULES = YES;
				CLANG_ENABLE_OBJC_ARC = YES;
				CLANG_ENABLE_OBJC_WEAK = YES;
				CLANG_WARN_BLOCK_CAPTURE_AUTORELEASING = YES;
				CLANG_WARN_BOOL_CONVERSION = YES;
				CLANG_WARN_COMMA = YES;
				CLANG_WARN_CONSTANT_CONVERSION = YES;
				CLANG_WARN_DEPRECATED_OBJC_IMPLEMENTATIONS = YES;
				CLANG_WARN_DIRECT_OBJC_ISA_USAGE = YES_ERROR;
				CLANG_WARN_DOCUMENTATION_COMMENTS = YES;
				CLANG_WARN_EMPTY_BODY = YES;
				CLANG_WARN_ENUM_CONVERSION = YES;
				CLANG_WARN_INFINITE_RECURSION = YES;
				CLANG_WARN_INT_CONVERSION = YES;
				CLANG_WARN_NON_LITERAL_NULL_CONVERSION = YES;
				CLANG_WARN_OBJC_IMPLICIT_RETAIN_SELF = YES;
				CLANG_WARN_OBJC_LITERAL_CONVERSION = YES;
				CLANG_WARN_OBJC_ROOT_CLASS = YES_ERROR;
				CLANG_WARN_QUOTED_INCLUDE_IN_FRAMEWORK_HEADER = YES;
				CLANG_WARN_RANGE_LOOP_ANALYSIS = YES;
				CLANG_WARN_STRICT_PROTOTYPES = YES;
				CLANG_WARN_SUSPICIOUS_MOVE = YES;
				CLANG_WARN_UNGUARDED_AVAILABILITY = YES_AGGRESSIVE;
				CLANG_WARN_UNREACHABLE_CODE = YES;
				CLANG_WARN__DUPLICATE_METHOD_MATCH = YES;
				COPY_PHASE_STRIP = NO;
				DEBUG_INFORMATION_FORMAT = "dwarf-with-dsym";
				ENABLE_NS_ASSERTIONS = NO;
				ENABLE_STRICT_OBJC_MSGSEND = YES;
				GCC_C_LANGUAGE_STANDARD = gnu11;
				GCC_NO_COMMON_BLOCKS = YES;
				GCC_WARN_64_TO_32_BIT_CONVERSION = YES;
				GCC_WARN_ABOUT_RETURN_TYPE = YES_ERROR;
				GCC_WARN_UNDECLARED_SELECTOR = YES;
				GCC_WARN_UNINITIALIZED_AUTOS = YES_AGGRESSIVE;
				GCC_WARN_UNUSED_FUNCTION = YES;
				GCC_WARN_UNUSED_VARIABLE = YES;
				IPHONEOS_DEPLOYMENT_TARGET = 15.5;
				MTL_ENABLE_DEBUG_INFO = NO;
				MTL_FAST_MATH = YES;
				SDKROOT = iphoneos;
				SWIFT_COMPILATION_MODE = wholemodule;
				SWIFT_OPTIMIZATION_LEVEL = "-O";
				VALIDATE_PRODUCT = YES;
			};
			name = Release;
		};
		155530FA28F85403006E5047 /* Debug */ = {
			isa = XCBuildConfiguration;
			buildSettings = {
				ASSETCATALOG_COMPILER_APPICON_NAME = AppIcon;
				ASSETCATALOG_COMPILER_GLOBAL_ACCENT_COLOR_NAME = AccentColor;
				CODE_SIGN_STYLE = Automatic;
				CURRENT_PROJECT_VERSION = 1;
				DEVELOPMENT_TEAM = J75R88STH9;
				GENERATE_INFOPLIST_FILE = YES;
				INFOPLIST_FILE = classwork5/Info.plist;
				INFOPLIST_KEY_UIApplicationSupportsIndirectInputEvents = YES;
				INFOPLIST_KEY_UILaunchStoryboardName = LaunchScreen;
				INFOPLIST_KEY_UIMainStoryboardFile = Main;
				INFOPLIST_KEY_UISupportedInterfaceOrientations_iPad = "UIInterfaceOrientationPortrait UIInterfaceOrientationPortraitUpsideDown UIInterfaceOrientationLandscapeLeft UIInterfaceOrientationLandscapeRight";
				INFOPLIST_KEY_UISupportedInterfaceOrientations_iPhone = "UIInterfaceOrientationPortrait UIInterfaceOrientationLandscapeLeft UIInterfaceOrientationLandscapeRight";
				LD_RUNPATH_SEARCH_PATHS = (
					"$(inherited)",
					"@executable_path/Frameworks",
				);
				MARKETING_VERSION = 1.0;
				PRODUCT_BUNDLE_IDENTIFIER = classwork.classwork5;
				PRODUCT_NAME = "$(TARGET_NAME)";
				SWIFT_EMIT_LOC_STRINGS = YES;
				SWIFT_VERSION = 5.0;
				TARGETED_DEVICE_FAMILY = "1,2";
			};
			name = Debug;
		};
		155530FB28F85403006E5047 /* Release */ = {
			isa = XCBuildConfiguration;
			buildSettings = {
				ASSETCATALOG_COMPILER_APPICON_NAME = AppIcon;
				ASSETCATALOG_COMPILER_GLOBAL_ACCENT_COLOR_NAME = AccentColor;
				CODE_SIGN_STYLE = Automatic;
				CURRENT_PROJECT_VERSION = 1;
				DEVELOPMENT_TEAM = J75R88STH9;
				GENERATE_INFOPLIST_FILE = YES;
				INFOPLIST_FILE = classwork5/Info.plist;
				INFOPLIST_KEY_UIApplicationSupportsIndirectInputEvents = YES;
				INFOPLIST_KEY_UILaunchStoryboardName = LaunchScreen;
				INFOPLIST_KEY_UIMainStoryboardFile = Main;
				INFOPLIST_KEY_UISupportedInterfaceOrientations_iPad = "UIInterfaceOrientationPortrait UIInterfaceOrientationPortraitUpsideDown UIInterfaceOrientationLandscapeLeft UIInterfaceOrientationLandscapeRight";
				INFOPLIST_KEY_UISupportedInterfaceOrientations_iPhone = "UIInterfaceOrientationPortrait UIInterfaceOrientationLandscapeLeft UIInterfaceOrientationLandscapeRight";
				LD_RUNPATH_SEARCH_PATHS = (
					"$(inherited)",
					"@executable_path/Frameworks",
				);
				MARKETING_VERSION = 1.0;
				PRODUCT_BUNDLE_IDENTIFIER = classwork.classwork5;
				PRODUCT_NAME = "$(TARGET_NAME)";
				SWIFT_EMIT_LOC_STRINGS = YES;
				SWIFT_VERSION = 5.0;
				TARGETED_DEVICE_FAMILY = "1,2";
			};
			name = Release;
		};
/* End XCBuildConfiguration section */

/* Begin XCConfigurationList section */
		155530E028F85403006E5047 /* Build configuration list for PBXProject "classwork5" */ = {
			isa = XCConfigurationList;
			buildConfigurations = (
				155530F728F85403006E5047 /* Debug */,
				155530F828F85403006E5047 /* Release */,
			);
			defaultConfigurationIsVisible = 0;
			defaultConfigurationName = Release;
		};
		155530F928F85403006E5047 /* Build configuration list for PBXNativeTarget "classwork5" */ = {
			isa = XCConfigurationList;
			buildConfigurations = (
				155530FA28F85403006E5047 /* Debug */,
				155530FB28F85403006E5047 /* Release */,
			);
			defaultConfigurationIsVisible = 0;
			defaultConfigurationName = Release;
		};
/* End XCConfigurationList section */
	};
	rootObject = 155530DD28F85403006E5047 /* Project object */;
}
